
Microsoft Visual Studio Solution File, Format Version 12.00
# Visual Studio Version 17
VisualStudioVersion = 17.5.33516.290
MinimumVisualStudioVersion = 10.0.40219.1
Project("{FAE04EC0-301F-11D3-BF4B-00C04F79EFBC}") = "Dp1", "Dp1\Dp1.csproj", "{FBD7F7FF-D5AB-4D93-B511-CEFF9EE3A714}"
EndProject
Global
	GlobalSection(SolutionConfigurationPlatforms) = preSolution
		Debug|Any CPU = Debug|Any CPU
		Release|Any CPU = Release|Any CPU
	EndGlobalSection
	GlobalSection(ProjectConfigurationPlatforms) = postSolution
		{FBD7F7FF-D5AB-4D93-B511-CEFF9EE3A714}.Debug|Any CPU.ActiveCfg = Debug|Any CPU
		{FBD7F7FF-D5AB-4D93-B511-CEFF9EE3A714}.Debug|Any CPU.Build.0 = Debug|Any CPU
		{FBD7F7FF-D5AB-4D93-B511-CEFF9EE3A714}.Release|Any CPU.ActiveCfg = Release|Any CPU
		{FBD7F7FF-D5AB-4D93-B511-CEFF9EE3A714}.Release|Any CPU.Build.0 = Release|Any CPU
	EndGlobalSection
	GlobalSection(SolutionProperties) = preSolution
		HideSolutionNode = FALSE
	EndGlobalSection
	GlobalSection(ExtensibilityGlobals) = postSolution
		SolutionGuid = {595D37E3-E8DD-4338-8FBD-551632A33384}
	EndGlobalSection
EndGlobal
